
Microsoft Visual Studio Solution File, Format Version 11.00
# Visual Studio 2010
Project("{FAE04EC0-301F-11D3-BF4B-00C04F79EFBC}") = "MicroParser", "MicroParser\MicroParser.csproj", "{5C289FB2-2A23-4929-AB17-1429750BDAC0}"
EndProject
Project("{2150E333-8FDC-42A3-9474-1A3956D46DE8}") = "9. Solution Items", "9. Solution Items", "{E70B1E0E-E7F0-4C48-BF35-6FAF707CA410}"
	ProjectSection(SolutionItems) = preProject
		Local.testsettings = Local.testsettings
		MicroParser.vsmdi = MicroParser.vsmdi
		MicroParser1.vsmdi = MicroParser1.vsmdi
		TestParser.psess = TestParser.psess
		TraceAndTestImpact.testsettings = TraceAndTestImpact.testsettings
	EndProjectSection
EndProject
Project("{FAE04EC0-301F-11D3-BF4B-00C04F79EFBC}") = "Bindings", "Bindings\Bindings.csproj", "{06DA2CF9-A357-48E9-B290-0723340E7CC2}"
EndProject
Project("{FAE04EC0-301F-11D3-BF4B-00C04F79EFBC}") = "TestBindings", "TestBindings\TestBindings.csproj", "{5F523787-43AE-4783-912C-C5BD986533FB}"
EndProject
Project("{FAE04EC0-301F-11D3-BF4B-00C04F79EFBC}") = "FunWithExpandos", "FunWithExpandos\FunWithExpandos.csproj", "{23ADA443-D3D3-4E02-B949-B939324E6E29}"
EndProject
Project("{2150E333-8FDC-42A3-9474-1A3956D46DE8}") = "2. WPF", "2. WPF", "{1BB81A47-924F-459E-8C9A-196B82DDF812}"
EndProject
Project("{2150E333-8FDC-42A3-9474-1A3956D46DE8}") = "1. Expandos", "1. Expandos", "{D0ECEF34-E447-4820-9D64-7C02DEACABAB}"
EndProject
Project("{2150E333-8FDC-42A3-9474-1A3956D46DE8}") = "0. Parser lib", "0. Parser lib", "{BE182199-90F3-48DB-91AF-91D83D937714}"
	ProjectSection(SolutionItems) = preProject
		LinkableCode\IncludeProject.ttinclude = LinkableCode\IncludeProject.ttinclude
	EndProjectSection
EndProject
Project("{FAE04EC0-301F-11D3-BF4B-00C04F79EFBC}") = "TestFunWithExpandos", "TestFunWithExpandos\TestFunWithExpandos.csproj", "{F08E0068-E1EE-45A6-8DE6-0CE8578B6EA7}"
EndProject
Project("{FAE04EC0-301F-11D3-BF4B-00C04F79EFBC}") = "TestMicroParser", "TestMicroParser\TestMicroParser.csproj", "{9DA50BC5-790A-4C59-94E7-D2FF0D48F48B}"
EndProject
Project("{FAE04EC0-301F-11D3-BF4B-00C04F79EFBC}") = "SilverlightDynamicJson", "SilverlightDynamicJson\SilverlightDynamicJson.csproj", "{F8F54B1D-2988-4EBF-BF80-893BC6953DC4}"
EndProject
Project("{2150E333-8FDC-42A3-9474-1A3956D46DE8}") = "3. Silverlight JSON", "3. Silverlight JSON", "{93F0D1AB-D2BD-4765-827D-FF0A0BD04D80}"
EndProject
Project("{2150E333-8FDC-42A3-9474-1A3956D46DE8}") = "4. Sample Parsers", "4. Sample Parsers", "{DBEA7BEF-83D7-419C-AB17-C5CAF0EF84E6}"
EndProject
Project("{FAE04EC0-301F-11D3-BF4B-00C04F79EFBC}") = "SampleParsers", "SampleParsers\SampleParsers.csproj", "{F7D93930-5ECE-4ABE-A3D4-B308D3F3FBED}"
EndProject
Global
	GlobalSection(TestCaseManagementSettings) = postSolution
		CategoryFile = MicroParser1.vsmdi
	EndGlobalSection
	GlobalSection(SolutionConfigurationPlatforms) = preSolution
		Debug|Any CPU = Debug|Any CPU
		Debug|Mixed Platforms = Debug|Mixed Platforms
		Debug|x86 = Debug|x86
		Release|Any CPU = Release|Any CPU
		Release|Mixed Platforms = Release|Mixed Platforms
		Release|x86 = Release|x86
	EndGlobalSection
	GlobalSection(ProjectConfigurationPlatforms) = postSolution
		{5C289FB2-2A23-4929-AB17-1429750BDAC0}.Debug|Any CPU.ActiveCfg = Debug|Any CPU
		{5C289FB2-2A23-4929-AB17-1429750BDAC0}.Debug|Any CPU.Build.0 = Debug|Any CPU
		{5C289FB2-2A23-4929-AB17-1429750BDAC0}.Debug|Mixed Platforms.ActiveCfg = Debug|Any CPU
		{5C289FB2-2A23-4929-AB17-1429750BDAC0}.Debug|Mixed Platforms.Build.0 = Debug|Any CPU
		{5C289FB2-2A23-4929-AB17-1429750BDAC0}.Debug|x86.ActiveCfg = Debug|Any CPU
		{5C289FB2-2A23-4929-AB17-1429750BDAC0}.Release|Any CPU.ActiveCfg = Release|Any CPU
		{5C289FB2-2A23-4929-AB17-1429750BDAC0}.Release|Any CPU.Build.0 = Release|Any CPU
		{5C289FB2-2A23-4929-AB17-1429750BDAC0}.Release|Mixed Platforms.ActiveCfg = Release|Any CPU
		{5C289FB2-2A23-4929-AB17-1429750BDAC0}.Release|Mixed Platforms.Build.0 = Release|Any CPU
		{5C289FB2-2A23-4929-AB17-1429750BDAC0}.Release|x86.ActiveCfg = Release|Any CPU
		{06DA2CF9-A357-48E9-B290-0723340E7CC2}.Debug|Any CPU.ActiveCfg = Debug|Any CPU
		{06DA2CF9-A357-48E9-B290-0723340E7CC2}.Debug|Any CPU.Build.0 = Debug|Any CPU
		{06DA2CF9-A357-48E9-B290-0723340E7CC2}.Debug|Mixed Platforms.ActiveCfg = Debug|Any CPU
		{06DA2CF9-A357-48E9-B290-0723340E7CC2}.Debug|Mixed Platforms.Build.0 = Debug|Any CPU
		{06DA2CF9-A357-48E9-B290-0723340E7CC2}.Debug|x86.ActiveCfg = Debug|Any CPU
		{06DA2CF9-A357-48E9-B290-0723340E7CC2}.Release|Any CPU.ActiveCfg = Release|Any CPU
		{06DA2CF9-A357-48E9-B290-0723340E7CC2}.Release|Any CPU.Build.0 = Release|Any CPU
		{06DA2CF9-A357-48E9-B290-0723340E7CC2}.Release|Mixed Platforms.ActiveCfg = Release|Any CPU
		{06DA2CF9-A357-48E9-B290-0723340E7CC2}.Release|Mixed Platforms.Build.0 = Release|Any CPU
		{06DA2CF9-A357-48E9-B290-0723340E7CC2}.Release|x86.ActiveCfg = Release|Any CPU
		{5F523787-43AE-4783-912C-C5BD986533FB}.Debug|Any CPU.ActiveCfg = Debug|Any CPU
		{5F523787-43AE-4783-912C-C5BD986533FB}.Debug|Any CPU.Build.0 = Debug|Any CPU
		{5F523787-43AE-4783-912C-C5BD986533FB}.Debug|Mixed Platforms.ActiveCfg = Debug|Any CPU
		{5F523787-43AE-4783-912C-C5BD986533FB}.Debug|Mixed Platforms.Build.0 = Debug|Any CPU
		{5F523787-43AE-4783-912C-C5BD986533FB}.Debug|x86.ActiveCfg = Debug|x86
		{5F523787-43AE-4783-912C-C5BD986533FB}.Debug|x86.Build.0 = Debug|x86
		{5F523787-43AE-4783-912C-C5BD986533FB}.Release|Any CPU.ActiveCfg = Release|Any CPU
		{5F523787-43AE-4783-912C-C5BD986533FB}.Release|Any CPU.Build.0 = Release|Any CPU
		{5F523787-43AE-4783-912C-C5BD986533FB}.Release|Mixed Platforms.ActiveCfg = Release|x86
		{5F523787-43AE-4783-912C-C5BD986533FB}.Release|Mixed Platforms.Build.0 = Release|x86
		{5F523787-43AE-4783-912C-C5BD986533FB}.Release|x86.ActiveCfg = Release|x86
		{5F523787-43AE-4783-912C-C5BD986533FB}.Release|x86.Build.0 = Release|x86
		{23ADA443-D3D3-4E02-B949-B939324E6E29}.Debug|Any CPU.ActiveCfg = Debug|Any CPU
		{23ADA443-D3D3-4E02-B949-B939324E6E29}.Debug|Any CPU.Build.0 = Debug|Any CPU
		{23ADA443-D3D3-4E02-B949-B939324E6E29}.Debug|Mixed Platforms.ActiveCfg = Debug|Any CPU
		{23ADA443-D3D3-4E02-B949-B939324E6E29}.Debug|Mixed Platforms.Build.0 = Debug|Any CPU
		{23ADA443-D3D3-4E02-B949-B939324E6E29}.Debug|x86.ActiveCfg = Debug|Any CPU
		{23ADA443-D3D3-4E02-B949-B939324E6E29}.Release|Any CPU.ActiveCfg = Release|Any CPU
		{23ADA443-D3D3-4E02-B949-B939324E6E29}.Release|Any CPU.Build.0 = Release|Any CPU
		{23ADA443-D3D3-4E02-B949-B939324E6E29}.Release|Mixed Platforms.ActiveCfg = Release|Any CPU
		{23ADA443-D3D3-4E02-B949-B939324E6E29}.Release|Mixed Platforms.Build.0 = Release|Any CPU
		{23ADA443-D3D3-4E02-B949-B939324E6E29}.Release|x86.ActiveCfg = Release|Any CPU
		{F08E0068-E1EE-45A6-8DE6-0CE8578B6EA7}.Debug|Any CPU.ActiveCfg = Debug|Any CPU
		{F08E0068-E1EE-45A6-8DE6-0CE8578B6EA7}.Debug|Any CPU.Build.0 = Debug|Any CPU
		{F08E0068-E1EE-45A6-8DE6-0CE8578B6EA7}.Debug|Mixed Platforms.ActiveCfg = Debug|Any CPU
		{F08E0068-E1EE-45A6-8DE6-0CE8578B6EA7}.Debug|Mixed Platforms.Build.0 = Debug|Any CPU
		{F08E0068-E1EE-45A6-8DE6-0CE8578B6EA7}.Debug|x86.ActiveCfg = Debug|Any CPU
		{F08E0068-E1EE-45A6-8DE6-0CE8578B6EA7}.Release|Any CPU.ActiveCfg = Release|Any CPU
		{F08E0068-E1EE-45A6-8DE6-0CE8578B6EA7}.Release|Any CPU.Build.0 = Release|Any CPU
		{F08E0068-E1EE-45A6-8DE6-0CE8578B6EA7}.Release|Mixed Platforms.ActiveCfg = Release|Any CPU
		{F08E0068-E1EE-45A6-8DE6-0CE8578B6EA7}.Release|Mixed Platforms.Build.0 = Release|Any CPU
		{F08E0068-E1EE-45A6-8DE6-0CE8578B6EA7}.Release|x86.ActiveCfg = Release|Any CPU
		{9DA50BC5-790A-4C59-94E7-D2FF0D48F48B}.Debug|Any CPU.ActiveCfg = Debug|Any CPU
		{9DA50BC5-790A-4C59-94E7-D2FF0D48F48B}.Debug|Any CPU.Build.0 = Debug|Any CPU
		{9DA50BC5-790A-4C59-94E7-D2FF0D48F48B}.Debug|Mixed Platforms.ActiveCfg = Debug|Any CPU
		{9DA50BC5-790A-4C59-94E7-D2FF0D48F48B}.Debug|Mixed Platforms.Build.0 = Debug|Any CPU
		{9DA50BC5-790A-4C59-94E7-D2FF0D48F48B}.Debug|x86.ActiveCfg = Debug|Any CPU
		{9DA50BC5-790A-4C59-94E7-D2FF0D48F48B}.Release|Any CPU.ActiveCfg = Release|Any CPU
		{9DA50BC5-790A-4C59-94E7-D2FF0D48F48B}.Release|Any CPU.Build.0 = Release|Any CPU
		{9DA50BC5-790A-4C59-94E7-D2FF0D48F48B}.Release|Mixed Platforms.ActiveCfg = Release|Any CPU
		{9DA50BC5-790A-4C59-94E7-D2FF0D48F48B}.Release|Mixed Platforms.Build.0 = Release|Any CPU
		{9DA50BC5-790A-4C59-94E7-D2FF0D48F48B}.Release|x86.ActiveCfg = Release|Any CPU
		{F8F54B1D-2988-4EBF-BF80-893BC6953DC4}.Debug|Any CPU.ActiveCfg = Debug|Any CPU
		{F8F54B1D-2988-4EBF-BF80-893BC6953DC4}.Debug|Any CPU.Build.0 = Debug|Any CPU
		{F8F54B1D-2988-4EBF-BF80-893BC6953DC4}.Debug|Mixed Platforms.ActiveCfg = Debug|Any CPU
		{F8F54B1D-2988-4EBF-BF80-893BC6953DC4}.Debug|Mixed Platforms.Build.0 = Debug|Any CPU
		{F8F54B1D-2988-4EBF-BF80-893BC6953DC4}.Debug|x86.ActiveCfg = Debug|Any CPU
		{F8F54B1D-2988-4EBF-BF80-893BC6953DC4}.Release|Any CPU.ActiveCfg = Release|Any CPU
		{F8F54B1D-2988-4EBF-BF80-893BC6953DC4}.Release|Any CPU.Build.0 = Release|Any CPU
		{F8F54B1D-2988-4EBF-BF80-893BC6953DC4}.Release|Mixed Platforms.ActiveCfg = Release|Any CPU
		{F8F54B1D-2988-4EBF-BF80-893BC6953DC4}.Release|Mixed Platforms.Build.0 = Release|Any CPU
		{F8F54B1D-2988-4EBF-BF80-893BC6953DC4}.Release|x86.ActiveCfg = Release|Any CPU
		{F7D93930-5ECE-4ABE-A3D4-B308D3F3FBED}.Debug|Any CPU.ActiveCfg = Debug|x86
		{F7D93930-5ECE-4ABE-A3D4-B308D3F3FBED}.Debug|Mixed Platforms.ActiveCfg = Debug|Any CPU
		{F7D93930-5ECE-4ABE-A3D4-B308D3F3FBED}.Debug|Mixed Platforms.Build.0 = Debug|Any CPU
		{F7D93930-5ECE-4ABE-A3D4-B308D3F3FBED}.Debug|x86.ActiveCfg = Debug|x86
		{F7D93930-5ECE-4ABE-A3D4-B308D3F3FBED}.Debug|x86.Build.0 = Debug|x86
		{F7D93930-5ECE-4ABE-A3D4-B308D3F3FBED}.Release|Any CPU.ActiveCfg = Release|Any CPU
		{F7D93930-5ECE-4ABE-A3D4-B308D3F3FBED}.Release|Any CPU.Build.0 = Release|Any CPU
		{F7D93930-5ECE-4ABE-A3D4-B308D3F3FBED}.Release|Mixed Platforms.ActiveCfg = Release|x86
		{F7D93930-5ECE-4ABE-A3D4-B308D3F3FBED}.Release|Mixed Platforms.Build.0 = Release|x86
		{F7D93930-5ECE-4ABE-A3D4-B308D3F3FBED}.Release|x86.ActiveCfg = Release|x86
		{F7D93930-5ECE-4ABE-A3D4-B308D3F3FBED}.Release|x86.Build.0 = Release|x86
	EndGlobalSection
	GlobalSection(SolutionProperties) = preSolution
		HideSolutionNode = FALSE
	EndGlobalSection
	GlobalSection(NestedProjects) = preSolution
		{5C289FB2-2A23-4929-AB17-1429750BDAC0} = {BE182199-90F3-48DB-91AF-91D83D937714}
		{9DA50BC5-790A-4C59-94E7-D2FF0D48F48B} = {BE182199-90F3-48DB-91AF-91D83D937714}
		{5F523787-43AE-4783-912C-C5BD986533FB} = {1BB81A47-924F-459E-8C9A-196B82DDF812}
		{06DA2CF9-A357-48E9-B290-0723340E7CC2} = {1BB81A47-924F-459E-8C9A-196B82DDF812}
		{23ADA443-D3D3-4E02-B949-B939324E6E29} = {D0ECEF34-E447-4820-9D64-7C02DEACABAB}
		{F08E0068-E1EE-45A6-8DE6-0CE8578B6EA7} = {D0ECEF34-E447-4820-9D64-7C02DEACABAB}
		{F8F54B1D-2988-4EBF-BF80-893BC6953DC4} = {93F0D1AB-D2BD-4765-827D-FF0A0BD04D80}
		{F7D93930-5ECE-4ABE-A3D4-B308D3F3FBED} = {DBEA7BEF-83D7-419C-AB17-C5CAF0EF84E6}
	EndGlobalSection
EndGlobal
